
Microsoft Visual Studio Solution File, Format Version 12.00
# Visual Studio 15
VisualStudioVersion = 15.0.26124.0
MinimumVisualStudioVersion = 15.0.26124.0
Project("{2150E333-8FDC-42A3-9474-1A3956D46DE8}") = "src", "src", "{30191EE7-3A69-4897-BC49-529D96C94619}"
EndProject
Project("{FAE04EC0-301F-11D3-BF4B-00C04F79EFBC}") = "Mailer_Functions", "src\Mailer.Functions\Mailer_Functions.csproj", "{7BB48012-2E22-4CF0-AA6F-CE4909B1AA5F}"
EndProject
Project("{FAE04EC0-301F-11D3-BF4B-00C04F79EFBC}") = "Mailer.Web", "src\Mailer.Web\Mailer.Web.csproj", "{E141069D-A8FF-4762-A5D4-5A24939606D9}"
EndProject
Global
	GlobalSection(SolutionConfigurationPlatforms) = preSolution
		Debug|Any CPU = Debug|Any CPU
		Debug|x64 = Debug|x64
		Debug|x86 = Debug|x86
		Release|Any CPU = Release|Any CPU
		Release|x64 = Release|x64
		Release|x86 = Release|x86
	EndGlobalSection
	GlobalSection(SolutionProperties) = preSolution
		HideSolutionNode = FALSE
	EndGlobalSection
	GlobalSection(ProjectConfigurationPlatforms) = postSolution
		{7BB48012-2E22-4CF0-AA6F-CE4909B1AA5F}.Debug|Any CPU.ActiveCfg = Debug|Any CPU
		{7BB48012-2E22-4CF0-AA6F-CE4909B1AA5F}.Debug|Any CPU.Build.0 = Debug|Any CPU
		{7BB48012-2E22-4CF0-AA6F-CE4909B1AA5F}.Debug|x64.ActiveCfg = Debug|Any CPU
		{7BB48012-2E22-4CF0-AA6F-CE4909B1AA5F}.Debug|x64.Build.0 = Debug|Any CPU
		{7BB48012-2E22-4CF0-AA6F-CE4909B1AA5F}.Debug|x86.ActiveCfg = Debug|Any CPU
		{7BB48012-2E22-4CF0-AA6F-CE4909B1AA5F}.Debug|x86.Build.0 = Debug|Any CPU
		{7BB48012-2E22-4CF0-AA6F-CE4909B1AA5F}.Release|Any CPU.ActiveCfg = Release|Any CPU
		{7BB48012-2E22-4CF0-AA6F-CE4909B1AA5F}.Release|Any CPU.Build.0 = Release|Any CPU
		{7BB48012-2E22-4CF0-AA6F-CE4909B1AA5F}.Release|x64.ActiveCfg = Release|Any CPU
		{7BB48012-2E22-4CF0-AA6F-CE4909B1AA5F}.Release|x64.Build.0 = Release|Any CPU
		{7BB48012-2E22-4CF0-AA6F-CE4909B1AA5F}.Release|x86.ActiveCfg = Release|Any CPU
		{7BB48012-2E22-4CF0-AA6F-CE4909B1AA5F}.Release|x86.Build.0 = Release|Any CPU
		{E141069D-A8FF-4762-A5D4-5A24939606D9}.Debug|Any CPU.ActiveCfg = Debug|Any CPU
		{E141069D-A8FF-4762-A5D4-5A24939606D9}.Debug|Any CPU.Build.0 = Debug|Any CPU
		{E141069D-A8FF-4762-A5D4-5A24939606D9}.Debug|x64.ActiveCfg = Debug|Any CPU
		{E141069D-A8FF-4762-A5D4-5A24939606D9}.Debug|x64.Build.0 = Debug|Any CPU
		{E141069D-A8FF-4762-A5D4-5A24939606D9}.Debug|x86.ActiveCfg = Debug|Any CPU
		{E141069D-A8FF-4762-A5D4-5A24939606D9}.Debug|x86.Build.0 = Debug|Any CPU
		{E141069D-A8FF-4762-A5D4-5A24939606D9}.Release|Any CPU.ActiveCfg = Release|Any CPU
		{E141069D-A8FF-4762-A5D4-5A24939606D9}.Release|Any CPU.Build.0 = Release|Any CPU
		{E141069D-A8FF-4762-A5D4-5A24939606D9}.Release|x64.ActiveCfg = Release|Any CPU
		{E141069D-A8FF-4762-A5D4-5A24939606D9}.Release|x64.Build.0 = Release|Any CPU
		{E141069D-A8FF-4762-A5D4-5A24939606D9}.Release|x86.ActiveCfg = Release|Any CPU
		{E141069D-A8FF-4762-A5D4-5A24939606D9}.Release|x86.Build.0 = Release|Any CPU
	EndGlobalSection
	GlobalSection(NestedProjects) = preSolution
		{7BB48012-2E22-4CF0-AA6F-CE4909B1AA5F} = {30191EE7-3A69-4897-BC49-529D96C94619}
		{E141069D-A8FF-4762-A5D4-5A24939606D9} = {30191EE7-3A69-4897-BC49-529D96C94619}
	EndGlobalSection
EndGlobal
